
Microsoft Visual Studio Solution File, Format Version 12.00
# Visual Studio Version 16
VisualStudioVersion = 16.0.29926.136
MinimumVisualStudioVersion = 10.0.40219.1
Project("{FAE04EC0-301F-11D3-BF4B-00C04F79EFBC}") = "Лабораторная работа №5", "Лабораторная работа №5\Лабораторная работа №5.csproj", "{DAEB3BD1-9348-4889-94E9-8DDBEF21A39C}"
EndProject
Global
	GlobalSection(SolutionConfigurationPlatforms) = preSolution
		Debug|Any CPU = Debug|Any CPU
		Release|Any CPU = Release|Any CPU
	EndGlobalSection
	GlobalSection(ProjectConfigurationPlatforms) = postSolution
		{DAEB3BD1-9348-4889-94E9-8DDBEF21A39C}.Debug|Any CPU.ActiveCfg = Debug|Any CPU
		{DAEB3BD1-9348-4889-94E9-8DDBEF21A39C}.Debug|Any CPU.Build.0 = Debug|Any CPU
		{DAEB3BD1-9348-4889-94E9-8DDBEF21A39C}.Release|Any CPU.ActiveCfg = Release|Any CPU
		{DAEB3BD1-9348-4889-94E9-8DDBEF21A39C}.Release|Any CPU.Build.0 = Release|Any CPU
	EndGlobalSection
	GlobalSection(SolutionProperties) = preSolution
		HideSolutionNode = FALSE
	EndGlobalSection
	GlobalSection(ExtensibilityGlobals) = postSolution
		SolutionGuid = {8E04EBF5-3F19-44CB-810D-1B70FBC85E11}
	EndGlobalSection
EndGlobal
